{
  "name": "fixly-demo-app",
  "version": "1.0.0",
  "lockfileVersion": 3,
  "requires": true,
  "packages": {
    "": {
      "name": "fixly-demo-app",
      "version": "1.0.0",
      "dependencies": {
        "lodash": "4.17.4",
        "minimist": "1.2.0",
        "axios": "0.21.0",
        "mongo-express": "0.53.0"
      }
    },
    "node_modules/lodash": { "version": "4.17.4" },
    "node_modules/minimist": { "version": "1.2.0" },
    "node_modules/axios": { "version": "0.21.0" },
    "node_modules/mongo-express": { "version": "0.53.0" },
    "node_modules/request": { "version": "2.88.0" },
    "node_modules/tough-cookie": { "version": "2.5.0" }
  }
}
